// !$*UTF8*$!
{
	archiveVersion = 1;
	classes = {
	};
	objectVersion = 56;
	objects = {

/* Begin PBXBuildFile section */
		5961EFCB2A9095F500ECA738 /* NewFriendView.swift in Sources */ = {isa = PBXBuildFile; fileRef = 5961EFCA2A9095F500ECA738 /* NewFriendView.swift */; };
		5961EFCF2A90992100ECA738 /* FriendRowView.swift in Sources */ = {isa = PBXBuildFile; fileRef = 5961EFCE2A90992100ECA738 /* FriendRowView.swift */; };
		59B6A7D42ACC968100227839 /* FriendManager.swift in Sources */ = {isa = PBXBuildFile; fileRef = 59B6A7D32ACC968100227839 /* FriendManager.swift */; };
		59C3671C2A8DDE9300C0893A /* Friend_AppApp.swift in Sources */ = {isa = PBXBuildFile; fileRef = 59C3671B2A8DDE9300C0893A /* Friend_AppApp.swift */; };
		59C3671E2A8DDE9300C0893A /* ContentView.swift in Sources */ = {isa = PBXBuildFile; fileRef = 59C3671D2A8DDE9300C0893A /* ContentView.swift */; };
		59C367202A8DDE9500C0893A /* Assets.xcassets in Resources */ = {isa = PBXBuildFile; fileRef = 59C3671F2A8DDE9500C0893A /* Assets.xcassets */; };
		59C367232A8DDE9500C0893A /* Preview Assets.xcassets in Resources */ = {isa = PBXBuildFile; fileRef = 59C367222A8DDE9500C0893A /* Preview Assets.xcassets */; };
		59C3672A2A8DDECF00C0893A /* Friend.swift in Sources */ = {isa = PBXBuildFile; fileRef = 59C367292A8DDECE00C0893A /* Friend.swift */; };
		59C3672C2A8DE2B700C0893A /* FriendDetailView.swift in Sources */ = {isa = PBXBuildFile; fileRef = 59C3672B2A8DE2B700C0893A /* FriendDetailView.swift */; };
/* End PBXBuildFile section */

/* Begin PBXFileReference section */
		5961EFCA2A9095F500ECA738 /* NewFriendView.swift */ = {isa = PBXFileReference; lastKnownFileType = sourcecode.swift; path = NewFriendView.swift; sourceTree = "<group>"; };
		5961EFCE2A90992100ECA738 /* FriendRowView.swift */ = {isa = PBXFileReference; lastKnownFileType = sourcecode.swift; path = FriendRowView.swift; sourceTree = "<group>"; };
		59B6A7D32ACC968100227839 /* FriendManager.swift */ = {isa = PBXFileReference; lastKnownFileType = sourcecode.swift; path = FriendManager.swift; sourceTree = "<group>"; };
		59C367182A8DDE9300C0893A /* Friend App.app */ = {isa = PBXFileReference; explicitFileType = wrapper.application; includeInIndex = 0; path = "Friend App.app"; sourceTree = BUILT_PRODUCTS_DIR; };
		59C3671B2A8DDE9300C0893A /* Friend_AppApp.swift */ = {isa = PBXFileReference; lastKnownFileType = sourcecode.swift; path = Friend_AppApp.swift; sourceTree = "<group>"; };
		59C3671D2A8DDE9300C0893A /* ContentView.swift */ = {isa = PBXFileReference; lastKnownFileType = sourcecode.swift; path = ContentView.swift; sourceTree = "<group>"; };
		59C3671F2A8DDE9500C0893A /* Assets.xcassets */ = {isa = PBXFileReference; lastKnownFileType = folder.assetcatalog; path = Assets.xcassets; sourceTree = "<group>"; };
		59C367222A8DDE9500C0893A /* Preview Assets.xcassets */ = {isa = PBXFileReference; lastKnownFileType = folder.assetcatalog; path = "Preview Assets.xcassets"; sourceTree = "<group>"; };
		59C367292A8DDECE00C0893A /* Friend.swift */ = {isa = PBXFileReference; lastKnownFileType = sourcecode.swift; path = Friend.swift; sourceTree = "<group>"; };
		59C3672B2A8DE2B700C0893A /* FriendDetailView.swift */ = {isa = PBXFileReference; lastKnownFileType = sourcecode.swift; path = FriendDetailView.swift; sourceTree = "<group>"; };
/* End PBXFileReference section */

/* Begin PBXFrameworksBuildPhase section */
		59C367152A8DDE9300C0893A /* Frameworks */ = {
			isa = PBXFrameworksBuildPhase;
			buildActionMask = 2147483647;
			files = (
			);
			runOnlyForDeploymentPostprocessing = 0;
		};
/* End PBXFrameworksBuildPhase section */

/* Begin PBXGroup section */
		5961EFCC2A90989E00ECA738 /* Model and ViewModel */ = {
			isa = PBXGroup;
			children = (
				59C367292A8DDECE00C0893A /* Friend.swift */,
			);
			path = "Model and ViewModel";
			sourceTree = "<group>";
		};
		5961EFCD2A9098C500ECA738 /* Views */ = {
			isa = PBXGroup;
			children = (
				59C3671D2A8DDE9300C0893A /* ContentView.swift */,
				5961EFCE2A90992100ECA738 /* FriendRowView.swift */,
				59C3672B2A8DE2B700C0893A /* FriendDetailView.swift */,
				5961EFCA2A9095F500ECA738 /* NewFriendView.swift */,
			);
			path = Views;
			sourceTree = "<group>";
		};
		59C3670F2A8DDE9300C0893A = {
			isa = PBXGroup;
			children = (
				59B6A7D32ACC968100227839 /* FriendManager.swift */,
				59C3671A2A8DDE9300C0893A /* Friend App */,
				59C367192A8DDE9300C0893A /* Products */,
			);
			sourceTree = "<group>";
		};
		59C367192A8DDE9300C0893A /* Products */ = {
			isa = PBXGroup;
			children = (
				59C367182A8DDE9300C0893A /* Friend App.app */,
			);
			name = Products;
			sourceTree = "<group>";
		};
		59C3671A2A8DDE9300C0893A /* Friend App */ = {
			isa = PBXGroup;
			children = (
				5961EFCC2A90989E00ECA738 /* Model and ViewModel */,
				5961EFCD2A9098C500ECA738 /* Views */,
				59C3671B2A8DDE9300C0893A /* Friend_AppApp.swift */,
				59C3671F2A8DDE9500C0893A /* Assets.xcassets */,
				59C367212A8DDE9500C0893A /* Preview Content */,
			);
			path = "Friend App";
			sourceTree = "<group>";
		};
		59C367212A8DDE9500C0893A /* Preview Content */ = {
			isa = PBXGroup;
			children = (
				59C367222A8DDE9500C0893A /* Preview Assets.xcassets */,
			);
			path = "Preview Content";
			sourceTree = "<group>";
		};
/* End PBXGroup section */

/* Begin PBXNativeTarget section */
		59C367172A8DDE9300C0893A /* Friend App */ = {
			isa = PBXNativeTarget;
			buildConfigurationList = 59C367262A8DDE9500C0893A /* Build configuration list for PBXNativeTarget "Friend App" */;
			buildPhases = (
				59C367142A8DDE9300C0893A /* Sources */,
				59C367152A8DDE9300C0893A /* Frameworks */,
				59C367162A8DDE9300C0893A /* Resources */,
			);
			buildRules = (
			);
			dependencies = (
			);
			name = "Friend App";
			productName = "Friend App";
			productReference = 59C367182A8DDE9300C0893A /* Friend App.app */;
			productType = "com.apple.product-type.application";
		};
/* End PBXNativeTarget section */

/* Begin PBXProject section */
		59C367102A8DDE9300C0893A /* Project object */ = {
			isa = PBXProject;
			attributes = {
				BuildIndependentTargetsInParallel = 1;
				LastSwiftUpdateCheck = 1430;
				LastUpgradeCheck = 1430;
				TargetAttributes = {
					59C367172A8DDE9300C0893A = {
						CreatedOnToolsVersion = 14.3.1;
					};
				};
			};
			buildConfigurationList = 59C367132A8DDE9300C0893A /* Build configuration list for PBXProject "Friend App" */;
			compatibilityVersion = "Xcode 14.0";
			developmentRegion = en;
			hasScannedForEncodings = 0;
			knownRegions = (
				en,
				Base,
			);
			mainGroup = 59C3670F2A8DDE9300C0893A;
			productRefGroup = 59C367192A8DDE9300C0893A /* Products */;
			projectDirPath = "";
			projectRoot = "";
			targets = (
				59C367172A8DDE9300C0893A /* Friend App */,
			);
		};
/* End PBXProject section */

/* Begin PBXResourcesBuildPhase section */
		59C367162A8DDE9300C0893A /* Resources */ = {
			isa = PBXResourcesBuildPhase;
			buildActionMask = 2147483647;
			files = (
				59C367232A8DDE9500C0893A /* Preview Assets.xcassets in Resources */,
				59C367202A8DDE9500C0893A /* Assets.xcassets in Resources */,
			);
			runOnlyForDeploymentPostprocessing = 0;
		};
/* End PBXResourcesBuildPhase section */

/* Begin PBXSourcesBuildPhase section */
		59C367142A8DDE9300C0893A /* Sources */ = {
			isa = PBXSourcesBuildPhase;
			buildActionMask = 2147483647;
			files = (
				5961EFCB2A9095F500ECA738 /* NewFriendView.swift in Sources */,
				59B6A7D42ACC968100227839 /* FriendManager.swift in Sources */,
				5961EFCF2A90992100ECA738 /* FriendRowView.swift in Sources */,
				59C3672A2A8DDECF00C0893A /* Friend.swift in Sources */,
				59C3671E2A8DDE9300C0893A /* ContentView.swift in Sources */,
				59C3671C2A8DDE9300C0893A /* Friend_AppApp.swift in Sources */,
				59C3672C2A8DE2B700C0893A /* FriendDetailView.swift in Sources */,
			);
			runOnlyForDeploymentPostprocessing = 0;
		};
/* End PBXSourcesBuildPhase section */

/* Begin XCBuildConfiguration section */
		59C367242A8DDE9500C0893A /* Debug */ = {
			isa = XCBuildConfiguration;
			buildSettings = {
				ALWAYS_SEARCH_USER_PATHS = NO;
				CLANG_ANALYZER_NONNULL = YES;
				CLANG_ANALYZER_NUMBER_OBJECT_CONVERSION = YES_AGGRESSIVE;
				CLANG_CXX_LANGUAGE_STANDARD = "gnu++20";
				CLANG_ENABLE_MODULES = YES;
				CLANG_ENABLE_OBJC_ARC = YES;
				CLANG_ENABLE_OBJC_WEAK = YES;
				CLANG_WARN_BLOCK_CAPTURE_AUTORELEASING = YES;
				CLANG_WARN_BOOL_CONVERSION = YES;
				CLANG_WARN_COMMA = YES;
				CLANG_WARN_CONSTANT_CONVERSION = YES;
				CLANG_WARN_DEPRECATED_OBJC_IMPLEMENTATIONS = YES;
				CLANG_WARN_DIRECT_OBJC_ISA_USAGE = YES_ERROR;
				CLANG_WARN_DOCUMENTATION_COMMENTS = YES;
				CLANG_WARN_EMPTY_BODY = YES;
				CLANG_WARN_ENUM_CONVERSION = YES;
				CLANG_WARN_INFINITE_RECURSION = YES;
				CLANG_WARN_INT_CONVERSION = YES;
				CLANG_WARN_NON_LITERAL_NULL_CONVERSION = YES;
				CLANG_WARN_OBJC_IMPLICIT_RETAIN_SELF = YES;
				CLANG_WARN_OBJC_LITERAL_CONVERSION = YES;
				CLANG_WARN_OBJC_ROOT_CLASS = YES_ERROR;
				CLANG_WARN_QUOTED_INCLUDE_IN_FRAMEWORK_HEADER = YES;
				CLANG_WARN_RANGE_LOOP_ANALYSIS = YES;
				CLANG_WARN_STRICT_PROTOTYPES = YES;
				CLANG_WARN_SUSPICIOUS_MOVE = YES;
				CLANG_WARN_UNGUARDED_AVAILABILITY = YES_AGGRESSIVE;
				CLANG_WARN_UNREACHABLE_CODE = YES;
				CLANG_WARN__DUPLICATE_METHOD_MATCH = YES;
				COPY_PHASE_STRIP = NO;
				DEBUG_INFORMATION_FORMAT = dwarf;
				ENABLE_STRICT_OBJC_MSGSEND = YES;
				ENABLE_TESTABILITY = YES;
				GCC_C_LANGUAGE_STANDARD = gnu11;
				GCC_DYNAMIC_NO_PIC = NO;
				GCC_NO_COMMON_BLOCKS = YES;
				GCC_OPTIMIZATION_LEVEL = 0;
				GCC_PREPROCESSOR_DEFINITIONS = (
					"DEBUG=1",
					"$(inherited)",
				);
				GCC_WARN_64_TO_32_BIT_CONVERSION = YES;
				GCC_WARN_ABOUT_RETURN_TYPE = YES_ERROR;
				GCC_WARN_UNDECLARED_SELECTOR = YES;
				GCC_WARN_UNINITIALIZED_AUTOS = YES_AGGRESSIVE;
				GCC_WARN_UNUSED_FUNCTION = YES;
				GCC_WARN_UNUSED_VARIABLE = YES;
				IPHONEOS_DEPLOYMENT_TARGET = 16.4;
				MTL_ENABLE_DEBUG_INFO = INCLUDE_SOURCE;
				MTL_FAST_MATH = YES;
				ONLY_ACTIVE_ARCH = YES;
				SDKROOT = iphoneos;
				SWIFT_ACTIVE_COMPILATION_CONDITIONS = DEBUG;
				SWIFT_OPTIMIZATION_LEVEL = "-Onone";
			};
			name = Debug;
		};
		59C367252A8DDE9500C0893A /* Release */ = {
			isa = XCBuildConfiguration;
			buildSettings = {
				ALWAYS_SEARCH_USER_PATHS = NO;
				CLANG_ANALYZER_NONNULL = YES;
				CLANG_ANALYZER_NUMBER_OBJECT_CONVERSION = YES_AGGRESSIVE;
				CLANG_CXX_LANGUAGE_STANDARD = "gnu++20";
				CLANG_ENABLE_MODULES = YES;
				CLANG_ENABLE_OBJC_ARC = YES;
				CLANG_ENABLE_OBJC_WEAK = YES;
				CLANG_WARN_BLOCK_CAPTURE_AUTORELEASING = YES;
				CLANG_WARN_BOOL_CONVERSION = YES;
				CLANG_WARN_COMMA = YES;
				CLANG_WARN_CONSTANT_CONVERSION = YES;
				CLANG_WARN_DEPRECATED_OBJC_IMPLEMENTATIONS = YES;
				CLANG_WARN_DIRECT_OBJC_ISA_USAGE = YES_ERROR;
				CLANG_WARN_DOCUMENTATION_COMMENTS = YES;
				CLANG_WARN_EMPTY_BODY = YES;
				CLANG_WARN_ENUM_CONVERSION = YES;
				CLANG_WARN_INFINITE_RECURSION = YES;
				CLANG_WARN_INT_CONVERSION = YES;
				CLANG_WARN_NON_LITERAL_NULL_CONVERSION = YES;
				CLANG_WARN_OBJC_IMPLICIT_RETAIN_SELF = YES;
				CLANG_WARN_OBJC_LITERAL_CONVERSION = YES;
				CLANG_WARN_OBJC_ROOT_CLASS = YES_ERROR;
				CLANG_WARN_QUOTED_INCLUDE_IN_FRAMEWORK_HEADER = YES;
				CLANG_WARN_RANGE_LOOP_ANALYSIS = YES;
				CLANG_WARN_STRICT_PROTOTYPES = YES;
				CLANG_WARN_SUSPICIOUS_MOVE = YES;
				CLANG_WARN_UNGUARDED_AVAILABILITY = YES_AGGRESSIVE;
				CLANG_WARN_UNREACHABLE_CODE = YES;
				CLANG_WARN__DUPLICATE_METHOD_MATCH = YES;
				COPY_PHASE_STRIP = NO;
				DEBUG_INFORMATION_FORMAT = "dwarf-with-dsym";
				ENABLE_NS_ASSERTIONS = NO;
				ENABLE_STRICT_OBJC_MSGSEND = YES;
				GCC_C_LANGUAGE_STANDARD = gnu11;
				GCC_NO_COMMON_BLOCKS = YES;
				GCC_WARN_64_TO_32_BIT_CONVERSION = YES;
				GCC_WARN_ABOUT_RETURN_TYPE = YES_ERROR;
				GCC_WARN_UNDECLARED_SELECTOR = YES;
				GCC_WARN_UNINITIALIZED_AUTOS = YES_AGGRESSIVE;
				GCC_WARN_UNUSED_FUNCTION = YES;
				GCC_WARN_UNUSED_VARIABLE = YES;
				IPHONEOS_DEPLOYMENT_TARGET = 16.4;
				MTL_ENABLE_DEBUG_INFO = NO;
				MTL_FAST_MATH = YES;
				SDKROOT = iphoneos;
				SWIFT_COMPILATION_MODE = wholemodule;
				SWIFT_OPTIMIZATION_LEVEL = "-O";
				VALIDATE_PRODUCT = YES;
			};
			name = Release;
		};
		59C367272A8DDE9500C0893A /* Debug */ = {
			isa = XCBuildConfiguration;
			buildSettings = {
				ASSETCATALOG_COMPILER_APPICON_NAME = AppIcon;
				ASSETCATALOG_COMPILER_GLOBAL_ACCENT_COLOR_NAME = AccentColor;
				CODE_SIGN_STYLE = Automatic;
				CURRENT_PROJECT_VERSION = 1;
				DEVELOPMENT_ASSET_PATHS = "\"Friend App/Preview Content\"";
				ENABLE_PREVIEWS = YES;
				GENERATE_INFOPLIST_FILE = YES;
				INFOPLIST_KEY_UIApplicationSceneManifest_Generation = YES;
				INFOPLIST_KEY_UIApplicationSupportsIndirectInputEvents = YES;
				INFOPLIST_KEY_UILaunchScreen_Generation = YES;
				INFOPLIST_KEY_UISupportedInterfaceOrientations_iPad = "UIInterfaceOrientationPortrait UIInterfaceOrientationPortraitUpsideDown UIInterfaceOrientationLandscapeLeft UIInterfaceOrientationLandscapeRight";
				INFOPLIST_KEY_UISupportedInterfaceOrientations_iPhone = "UIInterfaceOrientationPortrait UIInterfaceOrientationLandscapeLeft UIInterfaceOrientationLandscapeRight";
				LD_RUNPATH_SEARCH_PATHS = (
					"$(inherited)",
					"@executable_path/Frameworks",
				);
				MARKETING_VERSION = 1.0;
				PRODUCT_BUNDLE_IDENTIFIER = "MinagaE.Friend-App";
				PRODUCT_NAME = "$(TARGET_NAME)";
				SWIFT_EMIT_LOC_STRINGS = YES;
				SWIFT_VERSION = 5.0;
				TARGETED_DEVICE_FAMILY = "1,2";
			};
			name = Debug;
		};
		59C367282A8DDE9500C0893A /* Release */ = {
			isa = XCBuildConfiguration;
			buildSettings = {
				ASSETCATALOG_COMPILER_APPICON_NAME = AppIcon;
				ASSETCATALOG_COMPILER_GLOBAL_ACCENT_COLOR_NAME = AccentColor;
				CODE_SIGN_STYLE = Automatic;
				CURRENT_PROJECT_VERSION = 1;
				DEVELOPMENT_ASSET_PATHS = "\"Friend App/Preview Content\"";
				ENABLE_PREVIEWS = YES;
				GENERATE_INFOPLIST_FILE = YES;
				INFOPLIST_KEY_UIApplicationSceneManifest_Generation = YES;
				INFOPLIST_KEY_UIApplicationSupportsIndirectInputEvents = YES;
				INFOPLIST_KEY_UILaunchScreen_Generation = YES;
				INFOPLIST_KEY_UISupportedInterfaceOrientations_iPad = "UIInterfaceOrientationPortrait UIInterfaceOrientationPortraitUpsideDown UIInterfaceOrientationLandscapeLeft UIInterfaceOrientationLandscapeRight";
				INFOPLIST_KEY_UISupportedInterfaceOrientations_iPhone = "UIInterfaceOrientationPortrait UIInterfaceOrientationLandscapeLeft UIInterfaceOrientationLandscapeRight";
				LD_RUNPATH_SEARCH_PATHS = (
					"$(inherited)",
					"@executable_path/Frameworks",
				);
				MARKETING_VERSION = 1.0;
				PRODUCT_BUNDLE_IDENTIFIER = "MinagaE.Friend-App";
				PRODUCT_NAME = "$(TARGET_NAME)";
				SWIFT_EMIT_LOC_STRINGS = YES;
				SWIFT_VERSION = 5.0;
				TARGETED_DEVICE_FAMILY = "1,2";
			};
			name = Release;
		};
/* End XCBuildConfiguration section */

/* Begin XCConfigurationList section */
		59C367132A8DDE9300C0893A /* Build configuration list for PBXProject "Friend App" */ = {
			isa = XCConfigurationList;
			buildConfigurations = (
				59C367242A8DDE9500C0893A /* Debug */,
				59C367252A8DDE9500C0893A /* Release */,
			);
			defaultConfigurationIsVisible = 0;
			defaultConfigurationName = Release;
		};
		59C367262A8DDE9500C0893A /* Build configuration list for PBXNativeTarget "Friend App" */ = {
			isa = XCConfigurationList;
			buildConfigurations = (
				59C367272A8DDE9500C0893A /* Debug */,
				59C367282A8DDE9500C0893A /* Release */,
			);
			defaultConfigurationIsVisible = 0;
			defaultConfigurationName = Release;
		};
/* End XCConfigurationList section */
	};
	rootObject = 59C367102A8DDE9300C0893A /* Project object */;
}
